
Microsoft Visual Studio Solution File, Format Version 12.00
# Visual Studio Version 16
VisualStudioVersion = 16.0.33214.272
MinimumVisualStudioVersion = 10.0.40219.1
Project("{FAE04EC0-301F-11D3-BF4B-00C04F79EFBC}") = "WebApi", "WebApi\WebApi.csproj", "{FBEB63B1-335D-45AA-94D3-42078986F0CB}"
EndProject
Global
	GlobalSection(SolutionConfigurationPlatforms) = preSolution
		Debug|Any CPU = Debug|Any CPU
		Release|Any CPU = Release|Any CPU
	EndGlobalSection
	GlobalSection(ProjectConfigurationPlatforms) = postSolution
		{FBEB63B1-335D-45AA-94D3-42078986F0CB}.Debug|Any CPU.ActiveCfg = Debug|Any CPU
		{FBEB63B1-335D-45AA-94D3-42078986F0CB}.Debug|Any CPU.Build.0 = Debug|Any CPU
		{FBEB63B1-335D-45AA-94D3-42078986F0CB}.Release|Any CPU.ActiveCfg = Release|Any CPU
		{FBEB63B1-335D-45AA-94D3-42078986F0CB}.Release|Any CPU.Build.0 = Release|Any CPU
	EndGlobalSection
	GlobalSection(SolutionProperties) = preSolution
		HideSolutionNode = FALSE
	EndGlobalSection
	GlobalSection(ExtensibilityGlobals) = postSolution
		SolutionGuid = {357133B5-023F-410F-8BBD-978655868C45}
	EndGlobalSection
EndGlobal
